
Microsoft Visual Studio Solution File, Format Version 12.00
# Visual Studio Version 17
VisualStudioVersion = 17.4.33213.308
MinimumVisualStudioVersion = 10.0.40219.1
Project("{FAE04EC0-301F-11D3-BF4B-00C04F79EFBC}") = "CI Plateform", "CI Plateform\CI Plateform.csproj", "{B41C0B9D-D5A0-43B6-9061-4C017293CFD2}"
EndProject
Global
	GlobalSection(SolutionConfigurationPlatforms) = preSolution
		Debug|Any CPU = Debug|Any CPU
		Release|Any CPU = Release|Any CPU
	EndGlobalSection
	GlobalSection(ProjectConfigurationPlatforms) = postSolution
		{B41C0B9D-D5A0-43B6-9061-4C017293CFD2}.Debug|Any CPU.ActiveCfg = Debug|Any CPU
		{B41C0B9D-D5A0-43B6-9061-4C017293CFD2}.Debug|Any CPU.Build.0 = Debug|Any CPU
		{B41C0B9D-D5A0-43B6-9061-4C017293CFD2}.Release|Any CPU.ActiveCfg = Release|Any CPU
		{B41C0B9D-D5A0-43B6-9061-4C017293CFD2}.Release|Any CPU.Build.0 = Release|Any CPU
	EndGlobalSection
	GlobalSection(SolutionProperties) = preSolution
		HideSolutionNode = FALSE
	EndGlobalSection
	GlobalSection(ExtensibilityGlobals) = postSolution
		SolutionGuid = {8AC3F7AA-70E1-418D-A9F3-D66BA539D58F}
	EndGlobalSection
EndGlobal
